{
  "name": "SwMultijob",
  "lockfileVersion": 2,
  "requires": true,
  "packages": {
    "": {
      "dependencies": {
        "mavon-editor": "^2.10.4",
        "md-editor-v3": "^2.1.0",
        "vue-meditor": "^2.1.1"
      }
    },
    "node_modules/@types/marked": {
      "version": "4.0.3",
      "resolved": "https://registry.npmmirror.com/@types/marked/-/marked-4.0.3.tgz",
      "integrity": "sha512-HnMWQkLJEf/PnxZIfbm0yGJRRZYYMhb++O9M36UCTA9z53uPvVoSlAwJr3XOpDEryb7Hwl1qAx/MV6YIW1RXxg=="
    },
    "node_modules/commander": {
      "version": "2.20.3",
      "resolved": "https://registry.npmmirror.com/commander/-/commander-2.20.3.tgz",
      "integrity": "sha512-GpVkmM8vF2vQUkj2LvZmD35JxeJOLCwJ9cUkugyk2nuhbv3+mJvpLYYt+0+USMxE+oj+ey/lJEnhZw75x/OMcQ=="
    },
    "node_modules/cssfilter": {
      "version": "0.0.10",
      "resolved": "https://registry.npmmirror.com/cssfilter/-/cssfilter-0.0.10.tgz",
      "integrity": "sha512-FAaLDaplstoRsDR8XGYH51znUN0UY7nMc6Z9/fvE8EXGwvJE9hu7W2vHwx1+bd6gCYnln9nLbzxFTrcO9YQDZw=="
    },
    "node_modules/mavon-editor": {
      "version": "2.10.4",
      "resolved": "https://registry.npmmirror.com/mavon-editor/-/mavon-editor-2.10.4.tgz",
      "integrity": "sha512-CFsBLkgt/KZBDg+SJYe2fyYv4zClY149PiwpH0rDAiiP4ae1XNs0GC8nBsoTeipsHcebDLN1QMkt3bUsnMDjQw==",
      "dependencies": {
        "xss": "^1.0.6"
      }
    },
    "node_modules/md-editor-v3": {
      "version": "2.1.0",
      "resolved": "https://registry.npmmirror.com/md-editor-v3/-/md-editor-v3-2.1.0.tgz",
      "integrity": "sha512-yqRF3SUrGFQsduaENw/NO5deKWXBKP+m32xef8/GW1tOp8vdIfGT2PzFm+zw33Rmt40IglZu9ZJIC6lLu9HdSg==",
      "dependencies": {
        "@types/marked": "^4.0.3"
      },
      "engines": {
        "node": ">=12.0.0"
      }
    },
    "node_modules/vue-meditor": {
      "version": "2.1.1",
      "resolved": "https://registry.npmmirror.com/vue-meditor/-/vue-meditor-2.1.1.tgz",
      "integrity": "sha512-xvLqqvS4LzEJ7TqW2mDSzvueMey/WM92o0jfmqZWBTks1/8EAmn0ehqZDlcq/W+1goQpUmWE4m3yJjzQnoZhQQ=="
    },
    "node_modules/xss": {
      "version": "1.0.11",
      "resolved": "https://registry.npmmirror.com/xss/-/xss-1.0.11.tgz",
      "integrity": "sha512-EimjrjThZeK2MO7WKR9mN5ZC1CSqivSl55wvUK5EtU6acf0rzEE1pN+9ZDrFXJ82BRp3JL38pPE6S4o/rpp1zQ==",
      "dependencies": {
        "commander": "^2.20.3",
        "cssfilter": "0.0.10"
      },
      "bin": {
        "xss": "bin/xss"
      },
      "engines": {
        "node": ">= 0.10.0"
      }
    }
  },
  "dependencies": {
    "@types/marked": {
      "version": "4.0.3",
      "resolved": "https://registry.npmmirror.com/@types/marked/-/marked-4.0.3.tgz",
      "integrity": "sha512-HnMWQkLJEf/PnxZIfbm0yGJRRZYYMhb++O9M36UCTA9z53uPvVoSlAwJr3XOpDEryb7Hwl1qAx/MV6YIW1RXxg=="
    },
    "commander": {
      "version": "2.20.3",
      "resolved": "https://registry.npmmirror.com/commander/-/commander-2.20.3.tgz",
      "integrity": "sha512-GpVkmM8vF2vQUkj2LvZmD35JxeJOLCwJ9cUkugyk2nuhbv3+mJvpLYYt+0+USMxE+oj+ey/lJEnhZw75x/OMcQ=="
    },
    "cssfilter": {
      "version": "0.0.10",
      "resolved": "https://registry.npmmirror.com/cssfilter/-/cssfilter-0.0.10.tgz",
      "integrity": "sha512-FAaLDaplstoRsDR8XGYH51znUN0UY7nMc6Z9/fvE8EXGwvJE9hu7W2vHwx1+bd6gCYnln9nLbzxFTrcO9YQDZw=="
    },
    "mavon-editor": {
      "version": "2.10.4",
      "resolved": "https://registry.npmmirror.com/mavon-editor/-/mavon-editor-2.10.4.tgz",
      "integrity": "sha512-CFsBLkgt/KZBDg+SJYe2fyYv4zClY149PiwpH0rDAiiP4ae1XNs0GC8nBsoTeipsHcebDLN1QMkt3bUsnMDjQw==",
      "requires": {
        "xss": "^1.0.6"
      }
    },
    "md-editor-v3": {
      "version": "2.1.0",
      "resolved": "https://registry.npmmirror.com/md-editor-v3/-/md-editor-v3-2.1.0.tgz",
      "integrity": "sha512-yqRF3SUrGFQsduaENw/NO5deKWXBKP+m32xef8/GW1tOp8vdIfGT2PzFm+zw33Rmt40IglZu9ZJIC6lLu9HdSg==",
      "requires": {
        "@types/marked": "^4.0.3"
      }
    },
    "vue-meditor": {
      "version": "2.1.1",
      "resolved": "https://registry.npmmirror.com/vue-meditor/-/vue-meditor-2.1.1.tgz",
      "integrity": "sha512-xvLqqvS4LzEJ7TqW2mDSzvueMey/WM92o0jfmqZWBTks1/8EAmn0ehqZDlcq/W+1goQpUmWE4m3yJjzQnoZhQQ=="
    },
    "xss": {
      "version": "1.0.11",
      "resolved": "https://registry.npmmirror.com/xss/-/xss-1.0.11.tgz",
      "integrity": "sha512-EimjrjThZeK2MO7WKR9mN5ZC1CSqivSl55wvUK5EtU6acf0rzEE1pN+9ZDrFXJ82BRp3JL38pPE6S4o/rpp1zQ==",
      "requires": {
        "commander": "^2.20.3",
        "cssfilter": "0.0.10"
      }
    }
  }
}
